
Microsoft Visual Studio Solution File, Format Version 12.00
# Visual Studio 2013
VisualStudioVersion = 12.0.31101.0
MinimumVisualStudioVersion = 10.0.40219.1
Project("{FAE04EC0-301F-11D3-BF4B-00C04F79EFBC}") = "AE_Website2", "AE_Website2\AE_Website2.csproj", "{1678E668-1A12-46B4-ABFF-900F7615C612}"
EndProject
Project("{FAE04EC0-301F-11D3-BF4B-00C04F79EFBC}") = "AE_Website2.Tests", "AE_Website2.Tests\AE_Website2.Tests.csproj", "{936DBF6E-4D93-4BB5-90A9-EB57E6AAEF39}"
EndProject
Project("{2150E333-8FDC-42A3-9474-1A3956D46DE8}") = "PublishScripts", "PublishScripts", "{939035E0-E629-499B-B00D-7D3E01D26B9C}"
	ProjectSection(SolutionItems) = preProject
		PublishScripts\AzureWebsitePublishModule.psm1 = PublishScripts\AzureWebsitePublishModule.psm1
		PublishScripts\Publish-WebApplicationWebsite.ps1 = PublishScripts\Publish-WebApplicationWebsite.ps1
	EndProjectSection
EndProject
Project("{2150E333-8FDC-42A3-9474-1A3956D46DE8}") = "Configurations", "Configurations", "{76959376-8A37-4C5D-9840-1DEB789E3122}"
	ProjectSection(SolutionItems) = preProject
		PublishScripts\Configurations\AEWebsite2-WAWS-dev.json = PublishScripts\Configurations\AEWebsite2-WAWS-dev.json
	EndProjectSection
EndProject
Global
	GlobalSection(SolutionConfigurationPlatforms) = preSolution
		Debug|Any CPU = Debug|Any CPU
		Release|Any CPU = Release|Any CPU
	EndGlobalSection
	GlobalSection(ProjectConfigurationPlatforms) = postSolution
		{1678E668-1A12-46B4-ABFF-900F7615C612}.Debug|Any CPU.ActiveCfg = Debug|Any CPU
		{1678E668-1A12-46B4-ABFF-900F7615C612}.Debug|Any CPU.Build.0 = Debug|Any CPU
		{1678E668-1A12-46B4-ABFF-900F7615C612}.Release|Any CPU.ActiveCfg = Release|Any CPU
		{1678E668-1A12-46B4-ABFF-900F7615C612}.Release|Any CPU.Build.0 = Release|Any CPU
		{936DBF6E-4D93-4BB5-90A9-EB57E6AAEF39}.Debug|Any CPU.ActiveCfg = Debug|Any CPU
		{936DBF6E-4D93-4BB5-90A9-EB57E6AAEF39}.Debug|Any CPU.Build.0 = Debug|Any CPU
		{936DBF6E-4D93-4BB5-90A9-EB57E6AAEF39}.Release|Any CPU.ActiveCfg = Release|Any CPU
		{936DBF6E-4D93-4BB5-90A9-EB57E6AAEF39}.Release|Any CPU.Build.0 = Release|Any CPU
	EndGlobalSection
	GlobalSection(SolutionProperties) = preSolution
		HideSolutionNode = FALSE
	EndGlobalSection
	GlobalSection(NestedProjects) = preSolution
		{76959376-8A37-4C5D-9840-1DEB789E3122} = {939035E0-E629-499B-B00D-7D3E01D26B9C}
	EndGlobalSection
EndGlobal
